// !$*UTF8*$!
{
	archiveVersion = 1;
	classes = {
	};
	objectVersion = 52;
	objects = {

/* Begin PBXBuildFile section */
		ACBC3201265403E8002EF263 /* ModulesSampleAppApp.swift in Sources */ = {isa = PBXBuildFile; fileRef = ACBC3200265403E8002EF263 /* ModulesSampleAppApp.swift */; };
		ACBC3203265403E8002EF263 /* ContentView.swift in Sources */ = {isa = PBXBuildFile; fileRef = ACBC3202265403E8002EF263 /* ContentView.swift */; };
		ACBC3205265403EA002EF263 /* Assets.xcassets in Resources */ = {isa = PBXBuildFile; fileRef = ACBC3204265403EA002EF263 /* Assets.xcassets */; };
		ACBC3208265403EA002EF263 /* Preview Assets.xcassets in Resources */ = {isa = PBXBuildFile; fileRef = ACBC3207265403EA002EF263 /* Preview Assets.xcassets */; };
		ACBC3211265404DD002EF263 /* ModuleSample in Frameworks */ = {isa = PBXBuildFile; productRef = ACBC3210265404DD002EF263 /* ModuleSample */; };
		ACBC3213265404DD002EF263 /* ModuleSampleDB in Frameworks */ = {isa = PBXBuildFile; productRef = ACBC3212265404DD002EF263 /* ModuleSampleDB */; };
/* End PBXBuildFile section */

/* Begin PBXFileReference section */
		ACBC31FD265403E8002EF263 /* ModulesSampleApp.app */ = {isa = PBXFileReference; explicitFileType = wrapper.application; includeInIndex = 0; path = ModulesSampleApp.app; sourceTree = BUILT_PRODUCTS_DIR; };
		ACBC3200265403E8002EF263 /* ModulesSampleAppApp.swift */ = {isa = PBXFileReference; lastKnownFileType = sourcecode.swift; path = ModulesSampleAppApp.swift; sourceTree = "<group>"; };
		ACBC3202265403E8002EF263 /* ContentView.swift */ = {isa = PBXFileReference; lastKnownFileType = sourcecode.swift; path = ContentView.swift; sourceTree = "<group>"; };
		ACBC3204265403EA002EF263 /* Assets.xcassets */ = {isa = PBXFileReference; lastKnownFileType = folder.assetcatalog; path = Assets.xcassets; sourceTree = "<group>"; };
		ACBC3207265403EA002EF263 /* Preview Assets.xcassets */ = {isa = PBXFileReference; lastKnownFileType = folder.assetcatalog; path = "Preview Assets.xcassets"; sourceTree = "<group>"; };
		ACBC3209265403EA002EF263 /* Info.plist */ = {isa = PBXFileReference; lastKnownFileType = text.plist.xml; path = Info.plist; sourceTree = "<group>"; };
/* End PBXFileReference section */

/* Begin PBXFrameworksBuildPhase section */
		ACBC31FA265403E8002EF263 /* Frameworks */ = {
			isa = PBXFrameworksBuildPhase;
			buildActionMask = 2147483647;
			files = (
				ACBC3213265404DD002EF263 /* ModuleSampleDB in Frameworks */,
				ACBC3211265404DD002EF263 /* ModuleSample in Frameworks */,
			);
			runOnlyForDeploymentPostprocessing = 0;
		};
/* End PBXFrameworksBuildPhase section */

/* Begin PBXGroup section */
		ACBC31F4265403E8002EF263 = {
			isa = PBXGroup;
			children = (
				ACBC31FF265403E8002EF263 /* ModulesSampleApp */,
				ACBC31FE265403E8002EF263 /* Products */,
				ACBC320F265404DD002EF263 /* Frameworks */,
			);
			sourceTree = "<group>";
		};
		ACBC31FE265403E8002EF263 /* Products */ = {
			isa = PBXGroup;
			children = (
				ACBC31FD265403E8002EF263 /* ModulesSampleApp.app */,
			);
			name = Products;
			sourceTree = "<group>";
		};
		ACBC31FF265403E8002EF263 /* ModulesSampleApp */ = {
			isa = PBXGroup;
			children = (
				ACBC3200265403E8002EF263 /* ModulesSampleAppApp.swift */,
				ACBC3202265403E8002EF263 /* ContentView.swift */,
				ACBC3204265403EA002EF263 /* Assets.xcassets */,
				ACBC3209265403EA002EF263 /* Info.plist */,
				ACBC3206265403EA002EF263 /* Preview Content */,
			);
			path = ModulesSampleApp;
			sourceTree = "<group>";
		};
		ACBC3206265403EA002EF263 /* Preview Content */ = {
			isa = PBXGroup;
			children = (
				ACBC3207265403EA002EF263 /* Preview Assets.xcassets */,
			);
			path = "Preview Content";
			sourceTree = "<group>";
		};
		ACBC320F265404DD002EF263 /* Frameworks */ = {
			isa = PBXGroup;
			children = (
			);
			name = Frameworks;
			sourceTree = "<group>";
		};
/* End PBXGroup section */

/* Begin PBXNativeTarget section */
		ACBC31FC265403E8002EF263 /* ModulesSampleApp */ = {
			isa = PBXNativeTarget;
			buildConfigurationList = ACBC320C265403EA002EF263 /* Build configuration list for PBXNativeTarget "ModulesSampleApp" */;
			buildPhases = (
				ACBC31F9265403E8002EF263 /* Sources */,
				ACBC31FA265403E8002EF263 /* Frameworks */,
				ACBC31FB265403E8002EF263 /* Resources */,
			);
			buildRules = (
			);
			dependencies = (
			);
			name = ModulesSampleApp;
			packageProductDependencies = (
				ACBC3210265404DD002EF263 /* ModuleSample */,
				ACBC3212265404DD002EF263 /* ModuleSampleDB */,
			);
			productName = ModulesSampleApp;
			productReference = ACBC31FD265403E8002EF263 /* ModulesSampleApp.app */;
			productType = "com.apple.product-type.application";
		};
/* End PBXNativeTarget section */

/* Begin PBXProject section */
		ACBC31F5265403E8002EF263 /* Project object */ = {
			isa = PBXProject;
			attributes = {
				LastSwiftUpdateCheck = 1250;
				LastUpgradeCheck = 1250;
				TargetAttributes = {
					ACBC31FC265403E8002EF263 = {
						CreatedOnToolsVersion = 12.5;
					};
				};
			};
			buildConfigurationList = ACBC31F8265403E8002EF263 /* Build configuration list for PBXProject "ModulesSampleApp" */;
			compatibilityVersion = "Xcode 9.3";
			developmentRegion = en;
			hasScannedForEncodings = 0;
			knownRegions = (
				en,
				Base,
			);
			mainGroup = ACBC31F4265403E8002EF263;
			productRefGroup = ACBC31FE265403E8002EF263 /* Products */;
			projectDirPath = "";
			projectRoot = "";
			targets = (
				ACBC31FC265403E8002EF263 /* ModulesSampleApp */,
			);
		};
/* End PBXProject section */

/* Begin PBXResourcesBuildPhase section */
		ACBC31FB265403E8002EF263 /* Resources */ = {
			isa = PBXResourcesBuildPhase;
			buildActionMask = 2147483647;
			files = (
				ACBC3208265403EA002EF263 /* Preview Assets.xcassets in Resources */,
				ACBC3205265403EA002EF263 /* Assets.xcassets in Resources */,
			);
			runOnlyForDeploymentPostprocessing = 0;
		};
/* End PBXResourcesBuildPhase section */

/* Begin PBXSourcesBuildPhase section */
		ACBC31F9265403E8002EF263 /* Sources */ = {
			isa = PBXSourcesBuildPhase;
			buildActionMask = 2147483647;
			files = (
				ACBC3203265403E8002EF263 /* ContentView.swift in Sources */,
				ACBC3201265403E8002EF263 /* ModulesSampleAppApp.swift in Sources */,
			);
			runOnlyForDeploymentPostprocessing = 0;
		};
/* End PBXSourcesBuildPhase section */

/* Begin XCBuildConfiguration section */
		ACBC320A265403EA002EF263 /* Debug */ = {
			isa = XCBuildConfiguration;
			buildSettings = {
				ALWAYS_SEARCH_USER_PATHS = NO;
				CLANG_ANALYZER_NONNULL = YES;
				CLANG_ANALYZER_NUMBER_OBJECT_CONVERSION = YES_AGGRESSIVE;
				CLANG_CXX_LANGUAGE_STANDARD = "gnu++14";
				CLANG_CXX_LIBRARY = "libc++";
				CLANG_ENABLE_MODULES = YES;
				CLANG_ENABLE_OBJC_ARC = YES;
				CLANG_ENABLE_OBJC_WEAK = YES;
				CLANG_WARN_BLOCK_CAPTURE_AUTORELEASING = YES;
				CLANG_WARN_BOOL_CONVERSION = YES;
				CLANG_WARN_COMMA = YES;
				CLANG_WARN_CONSTANT_CONVERSION = YES;
				CLANG_WARN_DEPRECATED_OBJC_IMPLEMENTATIONS = YES;
				CLANG_WARN_DIRECT_OBJC_ISA_USAGE = YES_ERROR;
				CLANG_WARN_DOCUMENTATION_COMMENTS = YES;
				CLANG_WARN_EMPTY_BODY = YES;
				CLANG_WARN_ENUM_CONVERSION = YES;
				CLANG_WARN_INFINITE_RECURSION = YES;
				CLANG_WARN_INT_CONVERSION = YES;
				CLANG_WARN_NON_LITERAL_NULL_CONVERSION = YES;
				CLANG_WARN_OBJC_IMPLICIT_RETAIN_SELF = YES;
				CLANG_WARN_OBJC_LITERAL_CONVERSION = YES;
				CLANG_WARN_OBJC_ROOT_CLASS = YES_ERROR;
				CLANG_WARN_QUOTED_INCLUDE_IN_FRAMEWORK_HEADER = YES;
				CLANG_WARN_RANGE_LOOP_ANALYSIS = YES;
				CLANG_WARN_STRICT_PROTOTYPES = YES;
				CLANG_WARN_SUSPICIOUS_MOVE = YES;
				CLANG_WARN_UNGUARDED_AVAILABILITY = YES_AGGRESSIVE;
				CLANG_WARN_UNREACHABLE_CODE = YES;
				CLANG_WARN__DUPLICATE_METHOD_MATCH = YES;
				COPY_PHASE_STRIP = NO;
				DEBUG_INFORMATION_FORMAT = dwarf;
				ENABLE_STRICT_OBJC_MSGSEND = YES;
				ENABLE_TESTABILITY = YES;
				GCC_C_LANGUAGE_STANDARD = gnu11;
				GCC_DYNAMIC_NO_PIC = NO;
				GCC_NO_COMMON_BLOCKS = YES;
				GCC_OPTIMIZATION_LEVEL = 0;
				GCC_PREPROCESSOR_DEFINITIONS = (
					"DEBUG=1",
					"$(inherited)",
				);
				GCC_WARN_64_TO_32_BIT_CONVERSION = YES;
				GCC_WARN_ABOUT_RETURN_TYPE = YES_ERROR;
				GCC_WARN_UNDECLARED_SELECTOR = YES;
				GCC_WARN_UNINITIALIZED_AUTOS = YES_AGGRESSIVE;
				GCC_WARN_UNUSED_FUNCTION = YES;
				GCC_WARN_UNUSED_VARIABLE = YES;
				IPHONEOS_DEPLOYMENT_TARGET = 14.5;
				MTL_ENABLE_DEBUG_INFO = INCLUDE_SOURCE;
				MTL_FAST_MATH = YES;
				ONLY_ACTIVE_ARCH = YES;
				SDKROOT = iphoneos;
				SWIFT_ACTIVE_COMPILATION_CONDITIONS = DEBUG;
				SWIFT_OPTIMIZATION_LEVEL = "-Onone";
			};
			name = Debug;
		};
		ACBC320B265403EA002EF263 /* Release */ = {
			isa = XCBuildConfiguration;
			buildSettings = {
				ALWAYS_SEARCH_USER_PATHS = NO;
				CLANG_ANALYZER_NONNULL = YES;
				CLANG_ANALYZER_NUMBER_OBJECT_CONVERSION = YES_AGGRESSIVE;
				CLANG_CXX_LANGUAGE_STANDARD = "gnu++14";
				CLANG_CXX_LIBRARY = "libc++";
				CLANG_ENABLE_MODULES = YES;
				CLANG_ENABLE_OBJC_ARC = YES;
				CLANG_ENABLE_OBJC_WEAK = YES;
				CLANG_WARN_BLOCK_CAPTURE_AUTORELEASING = YES;
				CLANG_WARN_BOOL_CONVERSION = YES;
				CLANG_WARN_COMMA = YES;
				CLANG_WARN_CONSTANT_CONVERSION = YES;
				CLANG_WARN_DEPRECATED_OBJC_IMPLEMENTATIONS = YES;
				CLANG_WARN_DIRECT_OBJC_ISA_USAGE = YES_ERROR;
				CLANG_WARN_DOCUMENTATION_COMMENTS = YES;
				CLANG_WARN_EMPTY_BODY = YES;
				CLANG_WARN_ENUM_CONVERSION = YES;
				CLANG_WARN_INFINITE_RECURSION = YES;
				CLANG_WARN_INT_CONVERSION = YES;
				CLANG_WARN_NON_LITERAL_NULL_CONVERSION = YES;
				CLANG_WARN_OBJC_IMPLICIT_RETAIN_SELF = YES;
				CLANG_WARN_OBJC_LITERAL_CONVERSION = YES;
				CLANG_WARN_OBJC_ROOT_CLASS = YES_ERROR;
				CLANG_WARN_QUOTED_INCLUDE_IN_FRAMEWORK_HEADER = YES;
				CLANG_WARN_RANGE_LOOP_ANALYSIS = YES;
				CLANG_WARN_STRICT_PROTOTYPES = YES;
				CLANG_WARN_SUSPICIOUS_MOVE = YES;
				CLANG_WARN_UNGUARDED_AVAILABILITY = YES_AGGRESSIVE;
				CLANG_WARN_UNREACHABLE_CODE = YES;
				CLANG_WARN__DUPLICATE_METHOD_MATCH = YES;
				COPY_PHASE_STRIP = NO;
				DEBUG_INFORMATION_FORMAT = "dwarf-with-dsym";
				ENABLE_NS_ASSERTIONS = NO;
				ENABLE_STRICT_OBJC_MSGSEND = YES;
				GCC_C_LANGUAGE_STANDARD = gnu11;
				GCC_NO_COMMON_BLOCKS = YES;
				GCC_WARN_64_TO_32_BIT_CONVERSION = YES;
				GCC_WARN_ABOUT_RETURN_TYPE = YES_ERROR;
				GCC_WARN_UNDECLARED_SELECTOR = YES;
				GCC_WARN_UNINITIALIZED_AUTOS = YES_AGGRESSIVE;
				GCC_WARN_UNUSED_FUNCTION = YES;
				GCC_WARN_UNUSED_VARIABLE = YES;
				IPHONEOS_DEPLOYMENT_TARGET = 14.5;
				MTL_ENABLE_DEBUG_INFO = NO;
				MTL_FAST_MATH = YES;
				SDKROOT = iphoneos;
				SWIFT_COMPILATION_MODE = wholemodule;
				SWIFT_OPTIMIZATION_LEVEL = "-O";
				VALIDATE_PRODUCT = YES;
			};
			name = Release;
		};
		ACBC320D265403EA002EF263 /* Debug */ = {
			isa = XCBuildConfiguration;
			buildSettings = {
				ASSETCATALOG_COMPILER_APPICON_NAME = AppIcon;
				ASSETCATALOG_COMPILER_GLOBAL_ACCENT_COLOR_NAME = AccentColor;
				CODE_SIGN_STYLE = Automatic;
				DEVELOPMENT_ASSET_PATHS = "\"ModulesSampleApp/Preview Content\"";
				ENABLE_PREVIEWS = YES;
				INFOPLIST_FILE = ModulesSampleApp/Info.plist;
				IPHONEOS_DEPLOYMENT_TARGET = 14.0;
				LD_RUNPATH_SEARCH_PATHS = (
					"$(inherited)",
					"@executable_path/Frameworks",
				);
				PRODUCT_BUNDLE_IDENTIFIER = io.diana.test.ModulesSampleApp;
				PRODUCT_NAME = "$(TARGET_NAME)";
				SWIFT_VERSION = 5.0;
				TARGETED_DEVICE_FAMILY = "1,2";
			};
			name = Debug;
		};
		ACBC320E265403EA002EF263 /* Release */ = {
			isa = XCBuildConfiguration;
			buildSettings = {
				ASSETCATALOG_COMPILER_APPICON_NAME = AppIcon;
				ASSETCATALOG_COMPILER_GLOBAL_ACCENT_COLOR_NAME = AccentColor;
				CODE_SIGN_STYLE = Automatic;
				DEVELOPMENT_ASSET_PATHS = "\"ModulesSampleApp/Preview Content\"";
				ENABLE_PREVIEWS = YES;
				INFOPLIST_FILE = ModulesSampleApp/Info.plist;
				IPHONEOS_DEPLOYMENT_TARGET = 14.0;
				LD_RUNPATH_SEARCH_PATHS = (
					"$(inherited)",
					"@executable_path/Frameworks",
				);
				PRODUCT_BUNDLE_IDENTIFIER = io.diana.test.ModulesSampleApp;
				PRODUCT_NAME = "$(TARGET_NAME)";
				SWIFT_VERSION = 5.0;
				TARGETED_DEVICE_FAMILY = "1,2";
			};
			name = Release;
		};
/* End XCBuildConfiguration section */

/* Begin XCConfigurationList section */
		ACBC31F8265403E8002EF263 /* Build configuration list for PBXProject "ModulesSampleApp" */ = {
			isa = XCConfigurationList;
			buildConfigurations = (
				ACBC320A265403EA002EF263 /* Debug */,
				ACBC320B265403EA002EF263 /* Release */,
			);
			defaultConfigurationIsVisible = 0;
			defaultConfigurationName = Release;
		};
		ACBC320C265403EA002EF263 /* Build configuration list for PBXNativeTarget "ModulesSampleApp" */ = {
			isa = XCConfigurationList;
			buildConfigurations = (
				ACBC320D265403EA002EF263 /* Debug */,
				ACBC320E265403EA002EF263 /* Release */,
			);
			defaultConfigurationIsVisible = 0;
			defaultConfigurationName = Release;
		};
/* End XCConfigurationList section */

/* Begin XCSwiftPackageProductDependency section */
		ACBC3210265404DD002EF263 /* ModuleSample */ = {
			isa = XCSwiftPackageProductDependency;
			productName = ModuleSample;
		};
		ACBC3212265404DD002EF263 /* ModuleSampleDB */ = {
			isa = XCSwiftPackageProductDependency;
			productName = ModuleSampleDB;
		};
/* End XCSwiftPackageProductDependency section */
	};
	rootObject = ACBC31F5265403E8002EF263 /* Project object */;
}
